
Microsoft Visual Studio Solution File, Format Version 12.00
# Visual Studio 15
VisualStudioVersion = 15.0.28307.645
MinimumVisualStudioVersion = 10.0.40219.1
Project("{FAE04EC0-301F-11D3-BF4B-00C04F79EFBC}") = "NowOnAir", "NowOnAir\NowOnAir.csproj", "{7E09C216-EF30-421B-8B13-BCAEDC64DBB7}"
EndProject
Global
	GlobalSection(SolutionConfigurationPlatforms) = preSolution
		Debug|Any CPU = Debug|Any CPU
		Release|Any CPU = Release|Any CPU
	EndGlobalSection
	GlobalSection(ProjectConfigurationPlatforms) = postSolution
		{7E09C216-EF30-421B-8B13-BCAEDC64DBB7}.Debug|Any CPU.ActiveCfg = Debug|Any CPU
		{7E09C216-EF30-421B-8B13-BCAEDC64DBB7}.Debug|Any CPU.Build.0 = Debug|Any CPU
		{7E09C216-EF30-421B-8B13-BCAEDC64DBB7}.Release|Any CPU.ActiveCfg = Release|Any CPU
		{7E09C216-EF30-421B-8B13-BCAEDC64DBB7}.Release|Any CPU.Build.0 = Release|Any CPU
	EndGlobalSection
	GlobalSection(SolutionProperties) = preSolution
		HideSolutionNode = FALSE
	EndGlobalSection
	GlobalSection(ExtensibilityGlobals) = postSolution
		SolutionGuid = {620E1434-C144-495A-ADE1-F2AAC66F74B1}
	EndGlobalSection
EndGlobal
